// !$*UTF8*$!
{
	archiveVersion = 1;
	classes = {
	};
	objectVersion = 55;
	objects = {

/* Begin PBXBuildFile section */
		52EB3761279C27FE000955AA /* AoE_2_StatsApp.swift in Sources */ = {isa = PBXBuildFile; fileRef = 52EB3760279C27FE000955AA /* AoE_2_StatsApp.swift */; };
		52EB3765279C2800000955AA /* Assets.xcassets in Resources */ = {isa = PBXBuildFile; fileRef = 52EB3764279C2800000955AA /* Assets.xcassets */; };
		52EB3768279C2800000955AA /* Preview Assets.xcassets in Resources */ = {isa = PBXBuildFile; fileRef = 52EB3767279C2800000955AA /* Preview Assets.xcassets */; };
		52EB3780279C2A36000955AA /* Alert.swift in Sources */ = {isa = PBXBuildFile; fileRef = 52EB377F279C2A36000955AA /* Alert.swift */; };
		52EB3782279C2A6C000955AA /* NetworkError.swift in Sources */ = {isa = PBXBuildFile; fileRef = 52EB3781279C2A6C000955AA /* NetworkError.swift */; };
		52EB3784279C2A99000955AA /* Civilisation.swift in Sources */ = {isa = PBXBuildFile; fileRef = 52EB3783279C2A99000955AA /* Civilisation.swift */; };
		52EB3786279C2ACD000955AA /* UniqueUnit.swift in Sources */ = {isa = PBXBuildFile; fileRef = 52EB3785279C2ACD000955AA /* UniqueUnit.swift */; };
		52EB3788279C2AF4000955AA /* Cost.swift in Sources */ = {isa = PBXBuildFile; fileRef = 52EB3787279C2AF4000955AA /* Cost.swift */; };
		52EB378A279C2B96000955AA /* NetworkManager.swift in Sources */ = {isa = PBXBuildFile; fileRef = 52EB3789279C2B96000955AA /* NetworkManager.swift */; };
		52EB378E279C2D82000955AA /* AE2CivListView.swift in Sources */ = {isa = PBXBuildFile; fileRef = 52EB378D279C2D82000955AA /* AE2CivListView.swift */; };
		52EB3790279C337E000955AA /* AE2CivCellView.swift in Sources */ = {isa = PBXBuildFile; fileRef = 52EB378F279C337E000955AA /* AE2CivCellView.swift */; };
		52EB3792279C3E48000955AA /* PlaceholderCivView.swift in Sources */ = {isa = PBXBuildFile; fileRef = 52EB3791279C3E47000955AA /* PlaceholderCivView.swift */; };
		52EB3794279C3FF5000955AA /* AE2CivListViewModel.swift in Sources */ = {isa = PBXBuildFile; fileRef = 52EB3793279C3FF5000955AA /* AE2CivListViewModel.swift */; };
		52EB3798279C6D06000955AA /* Color+Ext.swift in Sources */ = {isa = PBXBuildFile; fileRef = 52EB3797279C6D06000955AA /* Color+Ext.swift */; };
		52EB379C279C772A000955AA /* AE2CivView.swift in Sources */ = {isa = PBXBuildFile; fileRef = 52EB379B279C772A000955AA /* AE2CivView.swift */; };
		52EB379E279C77A0000955AA /* CivIconFormatted.swift in Sources */ = {isa = PBXBuildFile; fileRef = 52EB379D279C77A0000955AA /* CivIconFormatted.swift */; };
		52EB37A0279C7DAE000955AA /* AE2CivTabView.swift in Sources */ = {isa = PBXBuildFile; fileRef = 52EB379F279C7DAE000955AA /* AE2CivTabView.swift */; };
		52EB37A2279C83A2000955AA /* AE2CivBonusCell.swift in Sources */ = {isa = PBXBuildFile; fileRef = 52EB37A1279C83A2000955AA /* AE2CivBonusCell.swift */; };
		52EB37A6279CED73000955AA /* AE2UnitView.swift in Sources */ = {isa = PBXBuildFile; fileRef = 52EB37A5279CED73000955AA /* AE2UnitView.swift */; };
		52EB37A8279CEE0E000955AA /* AE2UnitViewModel.swift in Sources */ = {isa = PBXBuildFile; fileRef = 52EB37A7279CEE0E000955AA /* AE2UnitViewModel.swift */; };
		52EB37AD279D832C000955AA /* AE2HomeScreen.swift in Sources */ = {isa = PBXBuildFile; fileRef = 52EB37AC279D832C000955AA /* AE2HomeScreen.swift */; };
		52EB37B0279D86EC000955AA /* AE2SettingsView.swift in Sources */ = {isa = PBXBuildFile; fileRef = 52EB37AF279D86EC000955AA /* AE2SettingsView.swift */; };
		52EB37B2279D86FC000955AA /* Preferences.swift in Sources */ = {isa = PBXBuildFile; fileRef = 52EB37B1279D86FC000955AA /* Preferences.swift */; };
		52EB37D9279E0040000955AA /* LoadingView.swift in Sources */ = {isa = PBXBuildFile; fileRef = 52EB37D8279E0040000955AA /* LoadingView.swift */; };
		52EB37DC279F423B000955AA /* AE2UnitCell.swift in Sources */ = {isa = PBXBuildFile; fileRef = 52EB37DB279F423B000955AA /* AE2UnitCell.swift */; };
		52EB37DE279F5D5A000955AA /* CostsView.swift in Sources */ = {isa = PBXBuildFile; fileRef = 52EB37DD279F5D5A000955AA /* CostsView.swift */; };
/* End PBXBuildFile section */

/* Begin PBXFileReference section */
		52EB375D279C27FE000955AA /* AoE 2 Stats.app */ = {isa = PBXFileReference; explicitFileType = wrapper.application; includeInIndex = 0; path = "AoE 2 Stats.app"; sourceTree = BUILT_PRODUCTS_DIR; };
		52EB3760279C27FE000955AA /* AoE_2_StatsApp.swift */ = {isa = PBXFileReference; lastKnownFileType = sourcecode.swift; path = AoE_2_StatsApp.swift; sourceTree = "<group>"; };
		52EB3764279C2800000955AA /* Assets.xcassets */ = {isa = PBXFileReference; lastKnownFileType = folder.assetcatalog; path = Assets.xcassets; sourceTree = "<group>"; };
		52EB3767279C2800000955AA /* Preview Assets.xcassets */ = {isa = PBXFileReference; lastKnownFileType = folder.assetcatalog; path = "Preview Assets.xcassets"; sourceTree = "<group>"; };
		52EB377F279C2A36000955AA /* Alert.swift */ = {isa = PBXFileReference; lastKnownFileType = sourcecode.swift; path = Alert.swift; sourceTree = "<group>"; };
		52EB3781279C2A6C000955AA /* NetworkError.swift */ = {isa = PBXFileReference; lastKnownFileType = sourcecode.swift; path = NetworkError.swift; sourceTree = "<group>"; };
		52EB3783279C2A99000955AA /* Civilisation.swift */ = {isa = PBXFileReference; lastKnownFileType = sourcecode.swift; path = Civilisation.swift; sourceTree = "<group>"; };
		52EB3785279C2ACD000955AA /* UniqueUnit.swift */ = {isa = PBXFileReference; lastKnownFileType = sourcecode.swift; path = UniqueUnit.swift; sourceTree = "<group>"; };
		52EB3787279C2AF4000955AA /* Cost.swift */ = {isa = PBXFileReference; lastKnownFileType = sourcecode.swift; path = Cost.swift; sourceTree = "<group>"; };
		52EB3789279C2B96000955AA /* NetworkManager.swift */ = {isa = PBXFileReference; lastKnownFileType = sourcecode.swift; path = NetworkManager.swift; sourceTree = "<group>"; };
		52EB378B279C2C44000955AA /* SteamAPI.md */ = {isa = PBXFileReference; lastKnownFileType = net.daringfireball.markdown; path = SteamAPI.md; sourceTree = "<group>"; };
		52EB378D279C2D82000955AA /* AE2CivListView.swift */ = {isa = PBXFileReference; lastKnownFileType = sourcecode.swift; path = AE2CivListView.swift; sourceTree = "<group>"; };
		52EB378F279C337E000955AA /* AE2CivCellView.swift */ = {isa = PBXFileReference; lastKnownFileType = sourcecode.swift; path = AE2CivCellView.swift; sourceTree = "<group>"; };
		52EB3791279C3E47000955AA /* PlaceholderCivView.swift */ = {isa = PBXFileReference; lastKnownFileType = sourcecode.swift; path = PlaceholderCivView.swift; sourceTree = "<group>"; };
		52EB3793279C3FF5000955AA /* AE2CivListViewModel.swift */ = {isa = PBXFileReference; lastKnownFileType = sourcecode.swift; path = AE2CivListViewModel.swift; sourceTree = "<group>"; };
		52EB3797279C6D06000955AA /* Color+Ext.swift */ = {isa = PBXFileReference; lastKnownFileType = sourcecode.swift; path = "Color+Ext.swift"; sourceTree = "<group>"; };
		52EB379B279C772A000955AA /* AE2CivView.swift */ = {isa = PBXFileReference; lastKnownFileType = sourcecode.swift; path = AE2CivView.swift; sourceTree = "<group>"; };
		52EB379D279C77A0000955AA /* CivIconFormatted.swift */ = {isa = PBXFileReference; lastKnownFileType = sourcecode.swift; path = CivIconFormatted.swift; sourceTree = "<group>"; };
		52EB379F279C7DAE000955AA /* AE2CivTabView.swift */ = {isa = PBXFileReference; lastKnownFileType = sourcecode.swift; path = AE2CivTabView.swift; sourceTree = "<group>"; };
		52EB37A1279C83A2000955AA /* AE2CivBonusCell.swift */ = {isa = PBXFileReference; lastKnownFileType = sourcecode.swift; path = AE2CivBonusCell.swift; sourceTree = "<group>"; };
		52EB37A5279CED73000955AA /* AE2UnitView.swift */ = {isa = PBXFileReference; lastKnownFileType = sourcecode.swift; path = AE2UnitView.swift; sourceTree = "<group>"; };
		52EB37A7279CEE0E000955AA /* AE2UnitViewModel.swift */ = {isa = PBXFileReference; lastKnownFileType = sourcecode.swift; path = AE2UnitViewModel.swift; sourceTree = "<group>"; };
		52EB37AC279D832C000955AA /* AE2HomeScreen.swift */ = {isa = PBXFileReference; lastKnownFileType = sourcecode.swift; path = AE2HomeScreen.swift; sourceTree = "<group>"; };
		52EB37AF279D86EC000955AA /* AE2SettingsView.swift */ = {isa = PBXFileReference; lastKnownFileType = sourcecode.swift; path = AE2SettingsView.swift; sourceTree = "<group>"; };
		52EB37B1279D86FC000955AA /* Preferences.swift */ = {isa = PBXFileReference; lastKnownFileType = sourcecode.swift; path = Preferences.swift; sourceTree = "<group>"; };
		52EB37D8279E0040000955AA /* LoadingView.swift */ = {isa = PBXFileReference; lastKnownFileType = sourcecode.swift; path = LoadingView.swift; sourceTree = "<group>"; };
		52EB37DB279F423B000955AA /* AE2UnitCell.swift */ = {isa = PBXFileReference; lastKnownFileType = sourcecode.swift; path = AE2UnitCell.swift; sourceTree = "<group>"; };
		52EB37DD279F5D5A000955AA /* CostsView.swift */ = {isa = PBXFileReference; lastKnownFileType = sourcecode.swift; path = CostsView.swift; sourceTree = "<group>"; };
/* End PBXFileReference section */

/* Begin PBXFrameworksBuildPhase section */
		52EB375A279C27FE000955AA /* Frameworks */ = {
			isa = PBXFrameworksBuildPhase;
			buildActionMask = 2147483647;
			files = (
			);
			runOnlyForDeploymentPostprocessing = 0;
		};
/* End PBXFrameworksBuildPhase section */

/* Begin PBXGroup section */
		52EB3754279C27FE000955AA = {
			isa = PBXGroup;
			children = (
				52EB375F279C27FE000955AA /* AoE 2 Stats */,
				52EB375E279C27FE000955AA /* Products */,
			);
			sourceTree = "<group>";
		};
		52EB375E279C27FE000955AA /* Products */ = {
			isa = PBXGroup;
			children = (
				52EB375D279C27FE000955AA /* AoE 2 Stats.app */,
			);
			name = Products;
			sourceTree = "<group>";
		};
		52EB375F279C27FE000955AA /* AoE 2 Stats */ = {
			isa = PBXGroup;
			children = (
				52EB3760279C27FE000955AA /* AoE_2_StatsApp.swift */,
				52EB3764279C2800000955AA /* Assets.xcassets */,
				52EB3766279C2800000955AA /* Preview Content */,
				52EB3770279C2831000955AA /* Model */,
				52EB3773279C28F2000955AA /* Utilities */,
				52EB3778279C2915000955AA /* Views */,
				52EB3779279C2919000955AA /* Screens */,
			);
			path = "AoE 2 Stats";
			sourceTree = "<group>";
		};
		52EB3766279C2800000955AA /* Preview Content */ = {
			isa = PBXGroup;
			children = (
				52EB3767279C2800000955AA /* Preview Assets.xcassets */,
			);
			path = "Preview Content";
			sourceTree = "<group>";
		};
		52EB3770279C2831000955AA /* Model */ = {
			isa = PBXGroup;
			children = (
				52EB37A3279CE769000955AA /* Unit */,
				52EB3772279C2840000955AA /* Civilisation */,
				52EB3771279C2839000955AA /* Match */,
				52EB3787279C2AF4000955AA /* Cost.swift */,
				52EB37B1279D86FC000955AA /* Preferences.swift */,
			);
			path = Model;
			sourceTree = "<group>";
		};
		52EB3771279C2839000955AA /* Match */ = {
			isa = PBXGroup;
			children = (
				52EB378B279C2C44000955AA /* SteamAPI.md */,
			);
			path = Match;
			sourceTree = "<group>";
		};
		52EB3772279C2840000955AA /* Civilisation */ = {
			isa = PBXGroup;
			children = (
				52EB3783279C2A99000955AA /* Civilisation.swift */,
			);
			path = Civilisation;
			sourceTree = "<group>";
		};
		52EB3773279C28F2000955AA /* Utilities */ = {
			isa = PBXGroup;
			children = (
				52EB3776279C2903000955AA /* Alerts */,
				52EB3775279C28FF000955AA /* Extensions */,
				52EB3774279C28F7000955AA /* Network */,
			);
			path = Utilities;
			sourceTree = "<group>";
		};
		52EB3774279C28F7000955AA /* Network */ = {
			isa = PBXGroup;
			children = (
				52EB3789279C2B96000955AA /* NetworkManager.swift */,
			);
			path = Network;
			sourceTree = "<group>";
		};
		52EB3775279C28FF000955AA /* Extensions */ = {
			isa = PBXGroup;
			children = (
				52EB3797279C6D06000955AA /* Color+Ext.swift */,
			);
			path = Extensions;
			sourceTree = "<group>";
		};
		52EB3776279C2903000955AA /* Alerts */ = {
			isa = PBXGroup;
			children = (
				52EB377F279C2A36000955AA /* Alert.swift */,
				52EB3781279C2A6C000955AA /* NetworkError.swift */,
			);
			path = Alerts;
			sourceTree = "<group>";
		};
		52EB3778279C2915000955AA /* Views */ = {
			isa = PBXGroup;
			children = (
				52EB37D8279E0040000955AA /* LoadingView.swift */,
				52EB377D279C2929000955AA /* Empty States */,
				52EB377C279C2925000955AA /* Buttons */,
				52EB377B279C2922000955AA /* Image */,
				52EB377A279C291E000955AA /* Cells */,
			);
			path = Views;
			sourceTree = "<group>";
		};
		52EB3779279C2919000955AA /* Screens */ = {
			isa = PBXGroup;
			children = (
				52EB37AE279D862D000955AA /* AE2SettingsView */,
				52EB378C279C2D66000955AA /* AE2Civilisations */,
			);
			path = Screens;
			sourceTree = "<group>";
		};
		52EB377A279C291E000955AA /* Cells */ = {
			isa = PBXGroup;
			children = (
				52EB378F279C337E000955AA /* AE2CivCellView.swift */,
				52EB37A1279C83A2000955AA /* AE2CivBonusCell.swift */,
				52EB37DB279F423B000955AA /* AE2UnitCell.swift */,
			);
			path = Cells;
			sourceTree = "<group>";
		};
		52EB377B279C2922000955AA /* Image */ = {
			isa = PBXGroup;
			children = (
				52EB3791279C3E47000955AA /* PlaceholderCivView.swift */,
				52EB379D279C77A0000955AA /* CivIconFormatted.swift */,
				52EB37DD279F5D5A000955AA /* CostsView.swift */,
			);
			path = Image;
			sourceTree = "<group>";
		};
		52EB377C279C2925000955AA /* Buttons */ = {
			isa = PBXGroup;
			children = (
			);
			path = Buttons;
			sourceTree = "<group>";
		};
		52EB377D279C2929000955AA /* Empty States */ = {
			isa = PBXGroup;
			children = (
			);
			path = "Empty States";
			sourceTree = "<group>";
		};
		52EB378C279C2D66000955AA /* AE2Civilisations */ = {
			isa = PBXGroup;
			children = (
				52EB37AC279D832C000955AA /* AE2HomeScreen.swift */,
				52EB379F279C7DAE000955AA /* AE2CivTabView.swift */,
				52EB37AB279D82D6000955AA /* HomeView */,
				52EB37A4279CED59000955AA /* AE2UnitView */,
				52EB379A279C7714000955AA /* AE2CivView */,
				52EB3799279C76F4000955AA /* AE2CivListView */,
			);
			path = AE2Civilisations;
			sourceTree = "<group>";
		};
		52EB3799279C76F4000955AA /* AE2CivListView */ = {
			isa = PBXGroup;
			children = (
				52EB378D279C2D82000955AA /* AE2CivListView.swift */,
				52EB3793279C3FF5000955AA /* AE2CivListViewModel.swift */,
			);
			path = AE2CivListView;
			sourceTree = "<group>";
		};
		52EB379A279C7714000955AA /* AE2CivView */ = {
			isa = PBXGroup;
			children = (
				52EB379B279C772A000955AA /* AE2CivView.swift */,
			);
			path = AE2CivView;
			sourceTree = "<group>";
		};
		52EB37A3279CE769000955AA /* Unit */ = {
			isa = PBXGroup;
			children = (
				52EB3785279C2ACD000955AA /* UniqueUnit.swift */,
			);
			path = Unit;
			sourceTree = "<group>";
		};
		52EB37A4279CED59000955AA /* AE2UnitView */ = {
			isa = PBXGroup;
			children = (
				52EB37A5279CED73000955AA /* AE2UnitView.swift */,
				52EB37A7279CEE0E000955AA /* AE2UnitViewModel.swift */,
			);
			path = AE2UnitView;
			sourceTree = "<group>";
		};
		52EB37AB279D82D6000955AA /* HomeView */ = {
			isa = PBXGroup;
			children = (
			);
			path = HomeView;
			sourceTree = "<group>";
		};
		52EB37AE279D862D000955AA /* AE2SettingsView */ = {
			isa = PBXGroup;
			children = (
				52EB37AF279D86EC000955AA /* AE2SettingsView.swift */,
			);
			path = AE2SettingsView;
			sourceTree = "<group>";
		};
/* End PBXGroup section */

/* Begin PBXNativeTarget section */
		52EB375C279C27FE000955AA /* AoE 2 Stats */ = {
			isa = PBXNativeTarget;
			buildConfigurationList = 52EB376B279C2800000955AA /* Build configuration list for PBXNativeTarget "AoE 2 Stats" */;
			buildPhases = (
				52EB3759279C27FE000955AA /* Sources */,
				52EB375A279C27FE000955AA /* Frameworks */,
				52EB375B279C27FE000955AA /* Resources */,
			);
			buildRules = (
			);
			dependencies = (
			);
			name = "AoE 2 Stats";
			productName = "AoE 2 Stats";
			productReference = 52EB375D279C27FE000955AA /* AoE 2 Stats.app */;
			productType = "com.apple.product-type.application";
		};
/* End PBXNativeTarget section */

/* Begin PBXProject section */
		52EB3755279C27FE000955AA /* Project object */ = {
			isa = PBXProject;
			attributes = {
				BuildIndependentTargetsInParallel = 1;
				LastSwiftUpdateCheck = 1320;
				LastUpgradeCheck = 1320;
				TargetAttributes = {
					52EB375C279C27FE000955AA = {
						CreatedOnToolsVersion = 13.2.1;
					};
				};
			};
			buildConfigurationList = 52EB3758279C27FE000955AA /* Build configuration list for PBXProject "AoE 2 Stats" */;
			compatibilityVersion = "Xcode 13.0";
			developmentRegion = en;
			hasScannedForEncodings = 0;
			knownRegions = (
				en,
				Base,
			);
			mainGroup = 52EB3754279C27FE000955AA;
			productRefGroup = 52EB375E279C27FE000955AA /* Products */;
			projectDirPath = "";
			projectRoot = "";
			targets = (
				52EB375C279C27FE000955AA /* AoE 2 Stats */,
			);
		};
/* End PBXProject section */

/* Begin PBXResourcesBuildPhase section */
		52EB375B279C27FE000955AA /* Resources */ = {
			isa = PBXResourcesBuildPhase;
			buildActionMask = 2147483647;
			files = (
				52EB3768279C2800000955AA /* Preview Assets.xcassets in Resources */,
				52EB3765279C2800000955AA /* Assets.xcassets in Resources */,
			);
			runOnlyForDeploymentPostprocessing = 0;
		};
/* End PBXResourcesBuildPhase section */

/* Begin PBXSourcesBuildPhase section */
		52EB3759279C27FE000955AA /* Sources */ = {
			isa = PBXSourcesBuildPhase;
			buildActionMask = 2147483647;
			files = (
				52EB379C279C772A000955AA /* AE2CivView.swift in Sources */,
				52EB3780279C2A36000955AA /* Alert.swift in Sources */,
				52EB37A2279C83A2000955AA /* AE2CivBonusCell.swift in Sources */,
				52EB37D9279E0040000955AA /* LoadingView.swift in Sources */,
				52EB3782279C2A6C000955AA /* NetworkError.swift in Sources */,
				52EB37B0279D86EC000955AA /* AE2SettingsView.swift in Sources */,
				52EB3786279C2ACD000955AA /* UniqueUnit.swift in Sources */,
				52EB3784279C2A99000955AA /* Civilisation.swift in Sources */,
				52EB37DC279F423B000955AA /* AE2UnitCell.swift in Sources */,
				52EB37DE279F5D5A000955AA /* CostsView.swift in Sources */,
				52EB3798279C6D06000955AA /* Color+Ext.swift in Sources */,
				52EB37B2279D86FC000955AA /* Preferences.swift in Sources */,
				52EB378E279C2D82000955AA /* AE2CivListView.swift in Sources */,
				52EB378A279C2B96000955AA /* NetworkManager.swift in Sources */,
				52EB37A8279CEE0E000955AA /* AE2UnitViewModel.swift in Sources */,
				52EB3794279C3FF5000955AA /* AE2CivListViewModel.swift in Sources */,
				52EB37AD279D832C000955AA /* AE2HomeScreen.swift in Sources */,
				52EB37A0279C7DAE000955AA /* AE2CivTabView.swift in Sources */,
				52EB3792279C3E48000955AA /* PlaceholderCivView.swift in Sources */,
				52EB379E279C77A0000955AA /* CivIconFormatted.swift in Sources */,
				52EB3761279C27FE000955AA /* AoE_2_StatsApp.swift in Sources */,
				52EB37A6279CED73000955AA /* AE2UnitView.swift in Sources */,
				52EB3790279C337E000955AA /* AE2CivCellView.swift in Sources */,
				52EB3788279C2AF4000955AA /* Cost.swift in Sources */,
			);
			runOnlyForDeploymentPostprocessing = 0;
		};
/* End PBXSourcesBuildPhase section */

/* Begin XCBuildConfiguration section */
		52EB3769279C2800000955AA /* Debug */ = {
			isa = XCBuildConfiguration;
			buildSettings = {
				ALWAYS_SEARCH_USER_PATHS = NO;
				CLANG_ANALYZER_NONNULL = YES;
				CLANG_ANALYZER_NUMBER_OBJECT_CONVERSION = YES_AGGRESSIVE;
				CLANG_CXX_LANGUAGE_STANDARD = "gnu++17";
				CLANG_CXX_LIBRARY = "libc++";
				CLANG_ENABLE_MODULES = YES;
				CLANG_ENABLE_OBJC_ARC = YES;
				CLANG_ENABLE_OBJC_WEAK = YES;
				CLANG_WARN_BLOCK_CAPTURE_AUTORELEASING = YES;
				CLANG_WARN_BOOL_CONVERSION = YES;
				CLANG_WARN_COMMA = YES;
				CLANG_WARN_CONSTANT_CONVERSION = YES;
				CLANG_WARN_DEPRECATED_OBJC_IMPLEMENTATIONS = YES;
				CLANG_WARN_DIRECT_OBJC_ISA_USAGE = YES_ERROR;
				CLANG_WARN_DOCUMENTATION_COMMENTS = YES;
				CLANG_WARN_EMPTY_BODY = YES;
				CLANG_WARN_ENUM_CONVERSION = YES;
				CLANG_WARN_INFINITE_RECURSION = YES;
				CLANG_WARN_INT_CONVERSION = YES;
				CLANG_WARN_NON_LITERAL_NULL_CONVERSION = YES;
				CLANG_WARN_OBJC_IMPLICIT_RETAIN_SELF = YES;
				CLANG_WARN_OBJC_LITERAL_CONVERSION = YES;
				CLANG_WARN_OBJC_ROOT_CLASS = YES_ERROR;
				CLANG_WARN_QUOTED_INCLUDE_IN_FRAMEWORK_HEADER = YES;
				CLANG_WARN_RANGE_LOOP_ANALYSIS = YES;
				CLANG_WARN_STRICT_PROTOTYPES = YES;
				CLANG_WARN_SUSPICIOUS_MOVE = YES;
				CLANG_WARN_UNGUARDED_AVAILABILITY = YES_AGGRESSIVE;
				CLANG_WARN_UNREACHABLE_CODE = YES;
				CLANG_WARN__DUPLICATE_METHOD_MATCH = YES;
				COPY_PHASE_STRIP = NO;
				DEBUG_INFORMATION_FORMAT = dwarf;
				ENABLE_STRICT_OBJC_MSGSEND = YES;
				ENABLE_TESTABILITY = YES;
				GCC_C_LANGUAGE_STANDARD = gnu11;
				GCC_DYNAMIC_NO_PIC = NO;
				GCC_NO_COMMON_BLOCKS = YES;
				GCC_OPTIMIZATION_LEVEL = 0;
				GCC_PREPROCESSOR_DEFINITIONS = (
					"DEBUG=1",
					"$(inherited)",
				);
				GCC_WARN_64_TO_32_BIT_CONVERSION = YES;
				GCC_WARN_ABOUT_RETURN_TYPE = YES_ERROR;
				GCC_WARN_UNDECLARED_SELECTOR = YES;
				GCC_WARN_UNINITIALIZED_AUTOS = YES_AGGRESSIVE;
				GCC_WARN_UNUSED_FUNCTION = YES;
				GCC_WARN_UNUSED_VARIABLE = YES;
				IPHONEOS_DEPLOYMENT_TARGET = 15.2;
				MTL_ENABLE_DEBUG_INFO = INCLUDE_SOURCE;
				MTL_FAST_MATH = YES;
				ONLY_ACTIVE_ARCH = YES;
				SDKROOT = iphoneos;
				SWIFT_ACTIVE_COMPILATION_CONDITIONS = DEBUG;
				SWIFT_OPTIMIZATION_LEVEL = "-Onone";
			};
			name = Debug;
		};
		52EB376A279C2800000955AA /* Release */ = {
			isa = XCBuildConfiguration;
			buildSettings = {
				ALWAYS_SEARCH_USER_PATHS = NO;
				CLANG_ANALYZER_NONNULL = YES;
				CLANG_ANALYZER_NUMBER_OBJECT_CONVERSION = YES_AGGRESSIVE;
				CLANG_CXX_LANGUAGE_STANDARD = "gnu++17";
				CLANG_CXX_LIBRARY = "libc++";
				CLANG_ENABLE_MODULES = YES;
				CLANG_ENABLE_OBJC_ARC = YES;
				CLANG_ENABLE_OBJC_WEAK = YES;
				CLANG_WARN_BLOCK_CAPTURE_AUTORELEASING = YES;
				CLANG_WARN_BOOL_CONVERSION = YES;
				CLANG_WARN_COMMA = YES;
				CLANG_WARN_CONSTANT_CONVERSION = YES;
				CLANG_WARN_DEPRECATED_OBJC_IMPLEMENTATIONS = YES;
				CLANG_WARN_DIRECT_OBJC_ISA_USAGE = YES_ERROR;
				CLANG_WARN_DOCUMENTATION_COMMENTS = YES;
				CLANG_WARN_EMPTY_BODY = YES;
				CLANG_WARN_ENUM_CONVERSION = YES;
				CLANG_WARN_INFINITE_RECURSION = YES;
				CLANG_WARN_INT_CONVERSION = YES;
				CLANG_WARN_NON_LITERAL_NULL_CONVERSION = YES;
				CLANG_WARN_OBJC_IMPLICIT_RETAIN_SELF = YES;
				CLANG_WARN_OBJC_LITERAL_CONVERSION = YES;
				CLANG_WARN_OBJC_ROOT_CLASS = YES_ERROR;
				CLANG_WARN_QUOTED_INCLUDE_IN_FRAMEWORK_HEADER = YES;
				CLANG_WARN_RANGE_LOOP_ANALYSIS = YES;
				CLANG_WARN_STRICT_PROTOTYPES = YES;
				CLANG_WARN_SUSPICIOUS_MOVE = YES;
				CLANG_WARN_UNGUARDED_AVAILABILITY = YES_AGGRESSIVE;
				CLANG_WARN_UNREACHABLE_CODE = YES;
				CLANG_WARN__DUPLICATE_METHOD_MATCH = YES;
				COPY_PHASE_STRIP = NO;
				DEBUG_INFORMATION_FORMAT = "dwarf-with-dsym";
				ENABLE_NS_ASSERTIONS = NO;
				ENABLE_STRICT_OBJC_MSGSEND = YES;
				GCC_C_LANGUAGE_STANDARD = gnu11;
				GCC_NO_COMMON_BLOCKS = YES;
				GCC_WARN_64_TO_32_BIT_CONVERSION = YES;
				GCC_WARN_ABOUT_RETURN_TYPE = YES_ERROR;
				GCC_WARN_UNDECLARED_SELECTOR = YES;
				GCC_WARN_UNINITIALIZED_AUTOS = YES_AGGRESSIVE;
				GCC_WARN_UNUSED_FUNCTION = YES;
				GCC_WARN_UNUSED_VARIABLE = YES;
				IPHONEOS_DEPLOYMENT_TARGET = 15.2;
				MTL_ENABLE_DEBUG_INFO = NO;
				MTL_FAST_MATH = YES;
				SDKROOT = iphoneos;
				SWIFT_COMPILATION_MODE = wholemodule;
				SWIFT_OPTIMIZATION_LEVEL = "-O";
				VALIDATE_PRODUCT = YES;
			};
			name = Release;
		};
		52EB376C279C2800000955AA /* Debug */ = {
			isa = XCBuildConfiguration;
			buildSettings = {
				ASSETCATALOG_COMPILER_APPICON_NAME = AppIcon;
				ASSETCATALOG_COMPILER_GLOBAL_ACCENT_COLOR_NAME = AccentColor;
				CODE_SIGN_STYLE = Automatic;
				CURRENT_PROJECT_VERSION = 1;
				DEVELOPMENT_ASSET_PATHS = "\"AoE 2 Stats/Preview Content\"";
				DEVELOPMENT_TEAM = 8HB4M5YG35;
				ENABLE_PREVIEWS = YES;
				GENERATE_INFOPLIST_FILE = YES;
				INFOPLIST_KEY_UIApplicationSceneManifest_Generation = YES;
				INFOPLIST_KEY_UIApplicationSupportsIndirectInputEvents = YES;
				INFOPLIST_KEY_UILaunchScreen_Generation = YES;
				INFOPLIST_KEY_UISupportedInterfaceOrientations_iPad = "UIInterfaceOrientationPortrait UIInterfaceOrientationPortraitUpsideDown UIInterfaceOrientationLandscapeLeft UIInterfaceOrientationLandscapeRight";
				INFOPLIST_KEY_UISupportedInterfaceOrientations_iPhone = "UIInterfaceOrientationPortrait UIInterfaceOrientationLandscapeLeft UIInterfaceOrientationLandscapeRight";
				LD_RUNPATH_SEARCH_PATHS = (
					"$(inherited)",
					"@executable_path/Frameworks",
				);
				MARKETING_VERSION = 1.0;
				PRODUCT_BUNDLE_IDENTIFIER = "me.kuncan.dent.AoE-2-Stats";
				PRODUCT_NAME = "$(TARGET_NAME)";
				SWIFT_EMIT_LOC_STRINGS = YES;
				SWIFT_VERSION = 5.0;
				TARGETED_DEVICE_FAMILY = "1,2";
			};
			name = Debug;
		};
		52EB376D279C2800000955AA /* Release */ = {
			isa = XCBuildConfiguration;
			buildSettings = {
				ASSETCATALOG_COMPILER_APPICON_NAME = AppIcon;
				ASSETCATALOG_COMPILER_GLOBAL_ACCENT_COLOR_NAME = AccentColor;
				CODE_SIGN_STYLE = Automatic;
				CURRENT_PROJECT_VERSION = 1;
				DEVELOPMENT_ASSET_PATHS = "\"AoE 2 Stats/Preview Content\"";
				DEVELOPMENT_TEAM = 8HB4M5YG35;
				ENABLE_PREVIEWS = YES;
				GENERATE_INFOPLIST_FILE = YES;
				INFOPLIST_KEY_UIApplicationSceneManifest_Generation = YES;
				INFOPLIST_KEY_UIApplicationSupportsIndirectInputEvents = YES;
				INFOPLIST_KEY_UILaunchScreen_Generation = YES;
				INFOPLIST_KEY_UISupportedInterfaceOrientations_iPad = "UIInterfaceOrientationPortrait UIInterfaceOrientationPortraitUpsideDown UIInterfaceOrientationLandscapeLeft UIInterfaceOrientationLandscapeRight";
				INFOPLIST_KEY_UISupportedInterfaceOrientations_iPhone = "UIInterfaceOrientationPortrait UIInterfaceOrientationLandscapeLeft UIInterfaceOrientationLandscapeRight";
				LD_RUNPATH_SEARCH_PATHS = (
					"$(inherited)",
					"@executable_path/Frameworks",
				);
				MARKETING_VERSION = 1.0;
				PRODUCT_BUNDLE_IDENTIFIER = "me.kuncan.dent.AoE-2-Stats";
				PRODUCT_NAME = "$(TARGET_NAME)";
				SWIFT_EMIT_LOC_STRINGS = YES;
				SWIFT_VERSION = 5.0;
				TARGETED_DEVICE_FAMILY = "1,2";
			};
			name = Release;
		};
/* End XCBuildConfiguration section */

/* Begin XCConfigurationList section */
		52EB3758279C27FE000955AA /* Build configuration list for PBXProject "AoE 2 Stats" */ = {
			isa = XCConfigurationList;
			buildConfigurations = (
				52EB3769279C2800000955AA /* Debug */,
				52EB376A279C2800000955AA /* Release */,
			);
			defaultConfigurationIsVisible = 0;
			defaultConfigurationName = Release;
		};
		52EB376B279C2800000955AA /* Build configuration list for PBXNativeTarget "AoE 2 Stats" */ = {
			isa = XCConfigurationList;
			buildConfigurations = (
				52EB376C279C2800000955AA /* Debug */,
				52EB376D279C2800000955AA /* Release */,
			);
			defaultConfigurationIsVisible = 0;
			defaultConfigurationName = Release;
		};
/* End XCConfigurationList section */
	};
	rootObject = 52EB3755279C27FE000955AA /* Project object */;
}
